
Microsoft Visual Studio Solution File, Format Version 12.00
# Visual Studio Version 16
VisualStudioVersion = 16.0.29409.12
MinimumVisualStudioVersion = 10.0.40219.1
Project("{FAE04EC0-301F-11D3-BF4B-00C04F79EFBC}") = "ASE_Assignment_2020", "ASE_Assignment_2020\ASE_Assignment_2020.csproj", "{548B2B33-2072-45D4-8C5C-F30D1B347903}"
EndProject
Project("{FAE04EC0-301F-11D3-BF4B-00C04F79EFBC}") = "UnitTestProject_ASE", "UnitTestProject_ASE\UnitTestProject_ASE.csproj", "{497E7434-247E-4533-B0EC-2C35C21A1A0F}"
EndProject
Global
	GlobalSection(SolutionConfigurationPlatforms) = preSolution
		Debug|Any CPU = Debug|Any CPU
		Release|Any CPU = Release|Any CPU
	EndGlobalSection
	GlobalSection(ProjectConfigurationPlatforms) = postSolution
		{548B2B33-2072-45D4-8C5C-F30D1B347903}.Debug|Any CPU.ActiveCfg = Debug|Any CPU
		{548B2B33-2072-45D4-8C5C-F30D1B347903}.Debug|Any CPU.Build.0 = Debug|Any CPU
		{548B2B33-2072-45D4-8C5C-F30D1B347903}.Release|Any CPU.ActiveCfg = Release|Any CPU
		{548B2B33-2072-45D4-8C5C-F30D1B347903}.Release|Any CPU.Build.0 = Release|Any CPU
		{497E7434-247E-4533-B0EC-2C35C21A1A0F}.Debug|Any CPU.ActiveCfg = Debug|Any CPU
		{497E7434-247E-4533-B0EC-2C35C21A1A0F}.Debug|Any CPU.Build.0 = Debug|Any CPU
		{497E7434-247E-4533-B0EC-2C35C21A1A0F}.Release|Any CPU.ActiveCfg = Release|Any CPU
		{497E7434-247E-4533-B0EC-2C35C21A1A0F}.Release|Any CPU.Build.0 = Release|Any CPU
	EndGlobalSection
	GlobalSection(SolutionProperties) = preSolution
		HideSolutionNode = FALSE
	EndGlobalSection
	GlobalSection(ExtensibilityGlobals) = postSolution
		SolutionGuid = {9A70E784-385B-44D8-9135-86C019E1E444}
	EndGlobalSection
EndGlobal
